
Microsoft Visual Studio Solution File, Format Version 12.00
# Visual Studio Version 16
VisualStudioVersion = 16.0.30621.155
MinimumVisualStudioVersion = 10.0.40219.1
Project("{8BC9CEB8-8B4A-11D0-8D11-00A0C91BC942}") = "class1", "class1.vcxproj", "{F6047EF7-CB06-408E-86E1-AD08E0C6799F}"
EndProject
Global
	GlobalSection(SolutionConfigurationPlatforms) = preSolution
		Debug|x64 = Debug|x64
		Debug|x86 = Debug|x86
		Release|x64 = Release|x64
		Release|x86 = Release|x86
	EndGlobalSection
	GlobalSection(ProjectConfigurationPlatforms) = postSolution
		{F6047EF7-CB06-408E-86E1-AD08E0C6799F}.Debug|x64.ActiveCfg = Debug|x64
		{F6047EF7-CB06-408E-86E1-AD08E0C6799F}.Debug|x64.Build.0 = Debug|x64
		{F6047EF7-CB06-408E-86E1-AD08E0C6799F}.Debug|x86.ActiveCfg = Debug|Win32
		{F6047EF7-CB06-408E-86E1-AD08E0C6799F}.Debug|x86.Build.0 = Debug|Win32
		{F6047EF7-CB06-408E-86E1-AD08E0C6799F}.Release|x64.ActiveCfg = Release|x64
		{F6047EF7-CB06-408E-86E1-AD08E0C6799F}.Release|x64.Build.0 = Release|x64
		{F6047EF7-CB06-408E-86E1-AD08E0C6799F}.Release|x86.ActiveCfg = Release|Win32
		{F6047EF7-CB06-408E-86E1-AD08E0C6799F}.Release|x86.Build.0 = Release|Win32
	EndGlobalSection
	GlobalSection(SolutionProperties) = preSolution
		HideSolutionNode = FALSE
	EndGlobalSection
	GlobalSection(ExtensibilityGlobals) = postSolution
		SolutionGuid = {0834AD54-B05B-4374-BE18-8E14A1CD3F90}
	EndGlobalSection
EndGlobal
